// !$*UTF8*$!
{
	archiveVersion = 1;
	classes = {
	};
	objectVersion = 55;
	objects = {

/* Begin PBXBuildFile section */
		53ABDCE4288E680E007F642B /* Tests_iOS.swift in Sources */ = {isa = PBXBuildFile; fileRef = 53ABDCE3288E680E007F642B /* Tests_iOS.swift */; };
		53ABDCE6288E680E007F642B /* Tests_iOSLaunchTests.swift in Sources */ = {isa = PBXBuildFile; fileRef = 53ABDCE5288E680E007F642B /* Tests_iOSLaunchTests.swift */; };
		53ABDCF0288E680E007F642B /* Tests_macOS.swift in Sources */ = {isa = PBXBuildFile; fileRef = 53ABDCEF288E680E007F642B /* Tests_macOS.swift */; };
		53ABDCF2288E680E007F642B /* Tests_macOSLaunchTests.swift in Sources */ = {isa = PBXBuildFile; fileRef = 53ABDCF1288E680E007F642B /* Tests_macOSLaunchTests.swift */; };
		53ABDCF3288E680E007F642B /* SwiftUIExampleApp.swift in Sources */ = {isa = PBXBuildFile; fileRef = 53ABDCCB288E680A007F642B /* SwiftUIExampleApp.swift */; };
		53ABDCF4288E680E007F642B /* SwiftUIExampleApp.swift in Sources */ = {isa = PBXBuildFile; fileRef = 53ABDCCB288E680A007F642B /* SwiftUIExampleApp.swift */; };
		53ABDCF5288E680E007F642B /* ContentView.swift in Sources */ = {isa = PBXBuildFile; fileRef = 53ABDCCC288E680A007F642B /* ContentView.swift */; };
		53ABDCF6288E680E007F642B /* ContentView.swift in Sources */ = {isa = PBXBuildFile; fileRef = 53ABDCCC288E680A007F642B /* ContentView.swift */; };
		53ABDCF7288E680E007F642B /* Assets.xcassets in Resources */ = {isa = PBXBuildFile; fileRef = 53ABDCCD288E680E007F642B /* Assets.xcassets */; };
		53ABDCF8288E680E007F642B /* Assets.xcassets in Resources */ = {isa = PBXBuildFile; fileRef = 53ABDCCD288E680E007F642B /* Assets.xcassets */; };
/* End PBXBuildFile section */

/* Begin PBXContainerItemProxy section */
		53ABDCE0288E680E007F642B /* PBXContainerItemProxy */ = {
			isa = PBXContainerItemProxy;
			containerPortal = 53ABDCC6288E680A007F642B /* Project object */;
			proxyType = 1;
			remoteGlobalIDString = 53ABDCD1288E680E007F642B;
			remoteInfo = "SwiftUIExample (iOS)";
		};
		53ABDCEC288E680E007F642B /* PBXContainerItemProxy */ = {
			isa = PBXContainerItemProxy;
			containerPortal = 53ABDCC6288E680A007F642B /* Project object */;
			proxyType = 1;
			remoteGlobalIDString = 53ABDCD7288E680E007F642B;
			remoteInfo = "SwiftUIExample (macOS)";
		};
/* End PBXContainerItemProxy section */

/* Begin PBXFileReference section */
		53ABDCCB288E680A007F642B /* SwiftUIExampleApp.swift */ = {isa = PBXFileReference; lastKnownFileType = sourcecode.swift; path = SwiftUIExampleApp.swift; sourceTree = "<group>"; };
		53ABDCCC288E680A007F642B /* ContentView.swift */ = {isa = PBXFileReference; lastKnownFileType = sourcecode.swift; path = ContentView.swift; sourceTree = "<group>"; };
		53ABDCCD288E680E007F642B /* Assets.xcassets */ = {isa = PBXFileReference; lastKnownFileType = folder.assetcatalog; path = Assets.xcassets; sourceTree = "<group>"; };
		53ABDCD2288E680E007F642B /* SwiftUIExample.app */ = {isa = PBXFileReference; explicitFileType = wrapper.application; includeInIndex = 0; path = SwiftUIExample.app; sourceTree = BUILT_PRODUCTS_DIR; };
		53ABDCD8288E680E007F642B /* SwiftUIExample.app */ = {isa = PBXFileReference; explicitFileType = wrapper.application; includeInIndex = 0; path = SwiftUIExample.app; sourceTree = BUILT_PRODUCTS_DIR; };
		53ABDCDA288E680E007F642B /* macOS.entitlements */ = {isa = PBXFileReference; lastKnownFileType = text.plist.entitlements; path = macOS.entitlements; sourceTree = "<group>"; };
		53ABDCDF288E680E007F642B /* Tests iOS.xctest */ = {isa = PBXFileReference; explicitFileType = wrapper.cfbundle; includeInIndex = 0; path = "Tests iOS.xctest"; sourceTree = BUILT_PRODUCTS_DIR; };
		53ABDCE3288E680E007F642B /* Tests_iOS.swift */ = {isa = PBXFileReference; lastKnownFileType = sourcecode.swift; path = Tests_iOS.swift; sourceTree = "<group>"; };
		53ABDCE5288E680E007F642B /* Tests_iOSLaunchTests.swift */ = {isa = PBXFileReference; lastKnownFileType = sourcecode.swift; path = Tests_iOSLaunchTests.swift; sourceTree = "<group>"; };
		53ABDCEB288E680E007F642B /* Tests macOS.xctest */ = {isa = PBXFileReference; explicitFileType = wrapper.cfbundle; includeInIndex = 0; path = "Tests macOS.xctest"; sourceTree = BUILT_PRODUCTS_DIR; };
		53ABDCEF288E680E007F642B /* Tests_macOS.swift */ = {isa = PBXFileReference; lastKnownFileType = sourcecode.swift; path = Tests_macOS.swift; sourceTree = "<group>"; };
		53ABDCF1288E680E007F642B /* Tests_macOSLaunchTests.swift */ = {isa = PBXFileReference; lastKnownFileType = sourcecode.swift; path = Tests_macOSLaunchTests.swift; sourceTree = "<group>"; };
/* End PBXFileReference section */

/* Begin PBXFrameworksBuildPhase section */
		53ABDCCF288E680E007F642B /* Frameworks */ = {
			isa = PBXFrameworksBuildPhase;
			buildActionMask = 2147483647;
			files = (
			);
			runOnlyForDeploymentPostprocessing = 0;
		};
		53ABDCD5288E680E007F642B /* Frameworks */ = {
			isa = PBXFrameworksBuildPhase;
			buildActionMask = 2147483647;
			files = (
			);
			runOnlyForDeploymentPostprocessing = 0;
		};
		53ABDCDC288E680E007F642B /* Frameworks */ = {
			isa = PBXFrameworksBuildPhase;
			buildActionMask = 2147483647;
			files = (
			);
			runOnlyForDeploymentPostprocessing = 0;
		};
		53ABDCE8288E680E007F642B /* Frameworks */ = {
			isa = PBXFrameworksBuildPhase;
			buildActionMask = 2147483647;
			files = (
			);
			runOnlyForDeploymentPostprocessing = 0;
		};
/* End PBXFrameworksBuildPhase section */

/* Begin PBXGroup section */
		53ABDCC5288E680A007F642B = {
			isa = PBXGroup;
			children = (
				53ABDCCA288E680A007F642B /* Shared */,
				53ABDCD9288E680E007F642B /* macOS */,
				53ABDCE2288E680E007F642B /* Tests iOS */,
				53ABDCEE288E680E007F642B /* Tests macOS */,
				53ABDCD3288E680E007F642B /* Products */,
			);
			sourceTree = "<group>";
		};
		53ABDCCA288E680A007F642B /* Shared */ = {
			isa = PBXGroup;
			children = (
				53ABDCCB288E680A007F642B /* SwiftUIExampleApp.swift */,
				53ABDCCC288E680A007F642B /* ContentView.swift */,
				53ABDCCD288E680E007F642B /* Assets.xcassets */,
			);
			path = Shared;
			sourceTree = "<group>";
		};
		53ABDCD3288E680E007F642B /* Products */ = {
			isa = PBXGroup;
			children = (
				53ABDCD2288E680E007F642B /* SwiftUIExample.app */,
				53ABDCD8288E680E007F642B /* SwiftUIExample.app */,
				53ABDCDF288E680E007F642B /* Tests iOS.xctest */,
				53ABDCEB288E680E007F642B /* Tests macOS.xctest */,
			);
			name = Products;
			sourceTree = "<group>";
		};
		53ABDCD9288E680E007F642B /* macOS */ = {
			isa = PBXGroup;
			children = (
				53ABDCDA288E680E007F642B /* macOS.entitlements */,
			);
			path = macOS;
			sourceTree = "<group>";
		};
		53ABDCE2288E680E007F642B /* Tests iOS */ = {
			isa = PBXGroup;
			children = (
				53ABDCE3288E680E007F642B /* Tests_iOS.swift */,
				53ABDCE5288E680E007F642B /* Tests_iOSLaunchTests.swift */,
			);
			path = "Tests iOS";
			sourceTree = "<group>";
		};
		53ABDCEE288E680E007F642B /* Tests macOS */ = {
			isa = PBXGroup;
			children = (
				53ABDCEF288E680E007F642B /* Tests_macOS.swift */,
				53ABDCF1288E680E007F642B /* Tests_macOSLaunchTests.swift */,
			);
			path = "Tests macOS";
			sourceTree = "<group>";
		};
/* End PBXGroup section */

/* Begin PBXNativeTarget section */
		53ABDCD1288E680E007F642B /* SwiftUIExample (iOS) */ = {
			isa = PBXNativeTarget;
			buildConfigurationList = 53ABDCFB288E680E007F642B /* Build configuration list for PBXNativeTarget "SwiftUIExample (iOS)" */;
			buildPhases = (
				53ABDCCE288E680E007F642B /* Sources */,
				53ABDCCF288E680E007F642B /* Frameworks */,
				53ABDCD0288E680E007F642B /* Resources */,
			);
			buildRules = (
			);
			dependencies = (
			);
			name = "SwiftUIExample (iOS)";
			productName = "SwiftUIExample (iOS)";
			productReference = 53ABDCD2288E680E007F642B /* SwiftUIExample.app */;
			productType = "com.apple.product-type.application";
		};
		53ABDCD7288E680E007F642B /* SwiftUIExample (macOS) */ = {
			isa = PBXNativeTarget;
			buildConfigurationList = 53ABDCFE288E680E007F642B /* Build configuration list for PBXNativeTarget "SwiftUIExample (macOS)" */;
			buildPhases = (
				53ABDCD4288E680E007F642B /* Sources */,
				53ABDCD5288E680E007F642B /* Frameworks */,
				53ABDCD6288E680E007F642B /* Resources */,
			);
			buildRules = (
			);
			dependencies = (
			);
			name = "SwiftUIExample (macOS)";
			productName = "SwiftUIExample (macOS)";
			productReference = 53ABDCD8288E680E007F642B /* SwiftUIExample.app */;
			productType = "com.apple.product-type.application";
		};
		53ABDCDE288E680E007F642B /* Tests iOS */ = {
			isa = PBXNativeTarget;
			buildConfigurationList = 53ABDD01288E680E007F642B /* Build configuration list for PBXNativeTarget "Tests iOS" */;
			buildPhases = (
				53ABDCDB288E680E007F642B /* Sources */,
				53ABDCDC288E680E007F642B /* Frameworks */,
				53ABDCDD288E680E007F642B /* Resources */,
			);
			buildRules = (
			);
			dependencies = (
				53ABDCE1288E680E007F642B /* PBXTargetDependency */,
			);
			name = "Tests iOS";
			productName = "Tests iOS";
			productReference = 53ABDCDF288E680E007F642B /* Tests iOS.xctest */;
			productType = "com.apple.product-type.bundle.ui-testing";
		};
		53ABDCEA288E680E007F642B /* Tests macOS */ = {
			isa = PBXNativeTarget;
			buildConfigurationList = 53ABDD04288E680E007F642B /* Build configuration list for PBXNativeTarget "Tests macOS" */;
			buildPhases = (
				53ABDCE7288E680E007F642B /* Sources */,
				53ABDCE8288E680E007F642B /* Frameworks */,
				53ABDCE9288E680E007F642B /* Resources */,
			);
			buildRules = (
			);
			dependencies = (
				53ABDCED288E680E007F642B /* PBXTargetDependency */,
			);
			name = "Tests macOS";
			productName = "Tests macOS";
			productReference = 53ABDCEB288E680E007F642B /* Tests macOS.xctest */;
			productType = "com.apple.product-type.bundle.ui-testing";
		};
/* End PBXNativeTarget section */

/* Begin PBXProject section */
		53ABDCC6288E680A007F642B /* Project object */ = {
			isa = PBXProject;
			attributes = {
				BuildIndependentTargetsInParallel = 1;
				LastSwiftUpdateCheck = 1340;
				LastUpgradeCheck = 1340;
				TargetAttributes = {
					53ABDCD1288E680E007F642B = {
						CreatedOnToolsVersion = 13.4.1;
					};
					53ABDCD7288E680E007F642B = {
						CreatedOnToolsVersion = 13.4.1;
					};
					53ABDCDE288E680E007F642B = {
						CreatedOnToolsVersion = 13.4.1;
						TestTargetID = 53ABDCD1288E680E007F642B;
					};
					53ABDCEA288E680E007F642B = {
						CreatedOnToolsVersion = 13.4.1;
						TestTargetID = 53ABDCD7288E680E007F642B;
					};
				};
			};
			buildConfigurationList = 53ABDCC9288E680A007F642B /* Build configuration list for PBXProject "SwiftUIExample" */;
			compatibilityVersion = "Xcode 13.0";
			developmentRegion = en;
			hasScannedForEncodings = 0;
			knownRegions = (
				en,
				Base,
			);
			mainGroup = 53ABDCC5288E680A007F642B;
			productRefGroup = 53ABDCD3288E680E007F642B /* Products */;
			projectDirPath = "";
			projectRoot = "";
			targets = (
				53ABDCD1288E680E007F642B /* SwiftUIExample (iOS) */,
				53ABDCD7288E680E007F642B /* SwiftUIExample (macOS) */,
				53ABDCDE288E680E007F642B /* Tests iOS */,
				53ABDCEA288E680E007F642B /* Tests macOS */,
			);
		};
/* End PBXProject section */

/* Begin PBXResourcesBuildPhase section */
		53ABDCD0288E680E007F642B /* Resources */ = {
			isa = PBXResourcesBuildPhase;
			buildActionMask = 2147483647;
			files = (
				53ABDCF7288E680E007F642B /* Assets.xcassets in Resources */,
			);
			runOnlyForDeploymentPostprocessing = 0;
		};
		53ABDCD6288E680E007F642B /* Resources */ = {
			isa = PBXResourcesBuildPhase;
			buildActionMask = 2147483647;
			files = (
				53ABDCF8288E680E007F642B /* Assets.xcassets in Resources */,
			);
			runOnlyForDeploymentPostprocessing = 0;
		};
		53ABDCDD288E680E007F642B /* Resources */ = {
			isa = PBXResourcesBuildPhase;
			buildActionMask = 2147483647;
			files = (
			);
			runOnlyForDeploymentPostprocessing = 0;
		};
		53ABDCE9288E680E007F642B /* Resources */ = {
			isa = PBXResourcesBuildPhase;
			buildActionMask = 2147483647;
			files = (
			);
			runOnlyForDeploymentPostprocessing = 0;
		};
/* End PBXResourcesBuildPhase section */

/* Begin PBXSourcesBuildPhase section */
		53ABDCCE288E680E007F642B /* Sources */ = {
			isa = PBXSourcesBuildPhase;
			buildActionMask = 2147483647;
			files = (
				53ABDCF5288E680E007F642B /* ContentView.swift in Sources */,
				53ABDCF3288E680E007F642B /* SwiftUIExampleApp.swift in Sources */,
			);
			runOnlyForDeploymentPostprocessing = 0;
		};
		53ABDCD4288E680E007F642B /* Sources */ = {
			isa = PBXSourcesBuildPhase;
			buildActionMask = 2147483647;
			files = (
				53ABDCF6288E680E007F642B /* ContentView.swift in Sources */,
				53ABDCF4288E680E007F642B /* SwiftUIExampleApp.swift in Sources */,
			);
			runOnlyForDeploymentPostprocessing = 0;
		};
		53ABDCDB288E680E007F642B /* Sources */ = {
			isa = PBXSourcesBuildPhase;
			buildActionMask = 2147483647;
			files = (
				53ABDCE6288E680E007F642B /* Tests_iOSLaunchTests.swift in Sources */,
				53ABDCE4288E680E007F642B /* Tests_iOS.swift in Sources */,
			);
			runOnlyForDeploymentPostprocessing = 0;
		};
		53ABDCE7288E680E007F642B /* Sources */ = {
			isa = PBXSourcesBuildPhase;
			buildActionMask = 2147483647;
			files = (
				53ABDCF2288E680E007F642B /* Tests_macOSLaunchTests.swift in Sources */,
				53ABDCF0288E680E007F642B /* Tests_macOS.swift in Sources */,
			);
			runOnlyForDeploymentPostprocessing = 0;
		};
/* End PBXSourcesBuildPhase section */

/* Begin PBXTargetDependency section */
		53ABDCE1288E680E007F642B /* PBXTargetDependency */ = {
			isa = PBXTargetDependency;
			target = 53ABDCD1288E680E007F642B /* SwiftUIExample (iOS) */;
			targetProxy = 53ABDCE0288E680E007F642B /* PBXContainerItemProxy */;
		};
		53ABDCED288E680E007F642B /* PBXTargetDependency */ = {
			isa = PBXTargetDependency;
			target = 53ABDCD7288E680E007F642B /* SwiftUIExample (macOS) */;
			targetProxy = 53ABDCEC288E680E007F642B /* PBXContainerItemProxy */;
		};
/* End PBXTargetDependency section */

/* Begin XCBuildConfiguration section */
		53ABDCF9288E680E007F642B /* Debug */ = {
			isa = XCBuildConfiguration;
			buildSettings = {
				ALWAYS_SEARCH_USER_PATHS = NO;
				CLANG_ANALYZER_NONNULL = YES;
				CLANG_ANALYZER_NUMBER_OBJECT_CONVERSION = YES_AGGRESSIVE;
				CLANG_CXX_LANGUAGE_STANDARD = "gnu++17";
				CLANG_ENABLE_MODULES = YES;
				CLANG_ENABLE_OBJC_ARC = YES;
				CLANG_ENABLE_OBJC_WEAK = YES;
				CLANG_WARN_BLOCK_CAPTURE_AUTORELEASING = YES;
				CLANG_WARN_BOOL_CONVERSION = YES;
				CLANG_WARN_COMMA = YES;
				CLANG_WARN_CONSTANT_CONVERSION = YES;
				CLANG_WARN_DEPRECATED_OBJC_IMPLEMENTATIONS = YES;
				CLANG_WARN_DIRECT_OBJC_ISA_USAGE = YES_ERROR;
				CLANG_WARN_DOCUMENTATION_COMMENTS = YES;
				CLANG_WARN_EMPTY_BODY = YES;
				CLANG_WARN_ENUM_CONVERSION = YES;
				CLANG_WARN_INFINITE_RECURSION = YES;
				CLANG_WARN_INT_CONVERSION = YES;
				CLANG_WARN_NON_LITERAL_NULL_CONVERSION = YES;
				CLANG_WARN_OBJC_IMPLICIT_RETAIN_SELF = YES;
				CLANG_WARN_OBJC_LITERAL_CONVERSION = YES;
				CLANG_WARN_OBJC_ROOT_CLASS = YES_ERROR;
				CLANG_WARN_QUOTED_INCLUDE_IN_FRAMEWORK_HEADER = YES;
				CLANG_WARN_RANGE_LOOP_ANALYSIS = YES;
				CLANG_WARN_STRICT_PROTOTYPES = YES;
				CLANG_WARN_SUSPICIOUS_MOVE = YES;
				CLANG_WARN_UNGUARDED_AVAILABILITY = YES_AGGRESSIVE;
				CLANG_WARN_UNREACHABLE_CODE = YES;
				CLANG_WARN__DUPLICATE_METHOD_MATCH = YES;
				COPY_PHASE_STRIP = NO;
				DEBUG_INFORMATION_FORMAT = dwarf;
				ENABLE_STRICT_OBJC_MSGSEND = YES;
				ENABLE_TESTABILITY = YES;
				GCC_C_LANGUAGE_STANDARD = gnu11;
				GCC_DYNAMIC_NO_PIC = NO;
				GCC_NO_COMMON_BLOCKS = YES;
				GCC_OPTIMIZATION_LEVEL = 0;
				GCC_PREPROCESSOR_DEFINITIONS = (
					"DEBUG=1",
					"$(inherited)",
				);
				GCC_WARN_64_TO_32_BIT_CONVERSION = YES;
				GCC_WARN_ABOUT_RETURN_TYPE = YES_ERROR;
				GCC_WARN_UNDECLARED_SELECTOR = YES;
				GCC_WARN_UNINITIALIZED_AUTOS = YES_AGGRESSIVE;
				GCC_WARN_UNUSED_FUNCTION = YES;
				GCC_WARN_UNUSED_VARIABLE = YES;
				MTL_ENABLE_DEBUG_INFO = INCLUDE_SOURCE;
				MTL_FAST_MATH = YES;
				ONLY_ACTIVE_ARCH = YES;
				SWIFT_ACTIVE_COMPILATION_CONDITIONS = DEBUG;
				SWIFT_OPTIMIZATION_LEVEL = "-Onone";
			};
			name = Debug;
		};
		53ABDCFA288E680E007F642B /* Release */ = {
			isa = XCBuildConfiguration;
			buildSettings = {
				ALWAYS_SEARCH_USER_PATHS = NO;
				CLANG_ANALYZER_NONNULL = YES;
				CLANG_ANALYZER_NUMBER_OBJECT_CONVERSION = YES_AGGRESSIVE;
				CLANG_CXX_LANGUAGE_STANDARD = "gnu++17";
				CLANG_ENABLE_MODULES = YES;
				CLANG_ENABLE_OBJC_ARC = YES;
				CLANG_ENABLE_OBJC_WEAK = YES;
				CLANG_WARN_BLOCK_CAPTURE_AUTORELEASING = YES;
				CLANG_WARN_BOOL_CONVERSION = YES;
				CLANG_WARN_COMMA = YES;
				CLANG_WARN_CONSTANT_CONVERSION = YES;
				CLANG_WARN_DEPRECATED_OBJC_IMPLEMENTATIONS = YES;
				CLANG_WARN_DIRECT_OBJC_ISA_USAGE = YES_ERROR;
				CLANG_WARN_DOCUMENTATION_COMMENTS = YES;
				CLANG_WARN_EMPTY_BODY = YES;
				CLANG_WARN_ENUM_CONVERSION = YES;
				CLANG_WARN_INFINITE_RECURSION = YES;
				CLANG_WARN_INT_CONVERSION = YES;
				CLANG_WARN_NON_LITERAL_NULL_CONVERSION = YES;
				CLANG_WARN_OBJC_IMPLICIT_RETAIN_SELF = YES;
				CLANG_WARN_OBJC_LITERAL_CONVERSION = YES;
				CLANG_WARN_OBJC_ROOT_CLASS = YES_ERROR;
				CLANG_WARN_QUOTED_INCLUDE_IN_FRAMEWORK_HEADER = YES;
				CLANG_WARN_RANGE_LOOP_ANALYSIS = YES;
				CLANG_WARN_STRICT_PROTOTYPES = YES;
				CLANG_WARN_SUSPICIOUS_MOVE = YES;
				CLANG_WARN_UNGUARDED_AVAILABILITY = YES_AGGRESSIVE;
				CLANG_WARN_UNREACHABLE_CODE = YES;
				CLANG_WARN__DUPLICATE_METHOD_MATCH = YES;
				COPY_PHASE_STRIP = NO;
				DEBUG_INFORMATION_FORMAT = "dwarf-with-dsym";
				ENABLE_NS_ASSERTIONS = NO;
				ENABLE_STRICT_OBJC_MSGSEND = YES;
				GCC_C_LANGUAGE_STANDARD = gnu11;
				GCC_NO_COMMON_BLOCKS = YES;
				GCC_WARN_64_TO_32_BIT_CONVERSION = YES;
				GCC_WARN_ABOUT_RETURN_TYPE = YES_ERROR;
				GCC_WARN_UNDECLARED_SELECTOR = YES;
				GCC_WARN_UNINITIALIZED_AUTOS = YES_AGGRESSIVE;
				GCC_WARN_UNUSED_FUNCTION = YES;
				GCC_WARN_UNUSED_VARIABLE = YES;
				MTL_ENABLE_DEBUG_INFO = NO;
				MTL_FAST_MATH = YES;
				SWIFT_COMPILATION_MODE = wholemodule;
				SWIFT_OPTIMIZATION_LEVEL = "-O";
			};
			name = Release;
		};
		53ABDCFC288E680E007F642B /* Debug */ = {
			isa = XCBuildConfiguration;
			buildSettings = {
				ASSETCATALOG_COMPILER_APPICON_NAME = AppIcon;
				ASSETCATALOG_COMPILER_GLOBAL_ACCENT_COLOR_NAME = AccentColor;
				CODE_SIGN_STYLE = Automatic;
				CURRENT_PROJECT_VERSION = 1;
				DEVELOPMENT_TEAM = 2PHT58Q34B;
				ENABLE_PREVIEWS = YES;
				GENERATE_INFOPLIST_FILE = YES;
				INFOPLIST_KEY_UIApplicationSceneManifest_Generation = YES;
				INFOPLIST_KEY_UIApplicationSupportsIndirectInputEvents = YES;
				INFOPLIST_KEY_UILaunchScreen_Generation = YES;
				INFOPLIST_KEY_UISupportedInterfaceOrientations = UIInterfaceOrientationPortrait;
				INFOPLIST_KEY_UISupportedInterfaceOrientations_iPad = "UIInterfaceOrientationPortrait UIInterfaceOrientationPortraitUpsideDown UIInterfaceOrientationLandscapeLeft UIInterfaceOrientationLandscapeRight";
				INFOPLIST_KEY_UISupportedInterfaceOrientations_iPhone = "UIInterfaceOrientationPortrait UIInterfaceOrientationLandscapeLeft UIInterfaceOrientationLandscapeRight";
				IPHONEOS_DEPLOYMENT_TARGET = 15.5;
				LD_RUNPATH_SEARCH_PATHS = (
					"$(inherited)",
					"@executable_path/Frameworks",
				);
				MARKETING_VERSION = 1.0;
				PRODUCT_BUNDLE_IDENTIFIER = tyson10.SwiftUIExample;
				PRODUCT_NAME = SwiftUIExample;
				SDKROOT = iphoneos;
				SWIFT_EMIT_LOC_STRINGS = YES;
				SWIFT_VERSION = 5.0;
				TARGETED_DEVICE_FAMILY = 1;
			};
			name = Debug;
		};
		53ABDCFD288E680E007F642B /* Release */ = {
			isa = XCBuildConfiguration;
			buildSettings = {
				ASSETCATALOG_COMPILER_APPICON_NAME = AppIcon;
				ASSETCATALOG_COMPILER_GLOBAL_ACCENT_COLOR_NAME = AccentColor;
				CODE_SIGN_STYLE = Automatic;
				CURRENT_PROJECT_VERSION = 1;
				DEVELOPMENT_TEAM = 2PHT58Q34B;
				ENABLE_PREVIEWS = YES;
				GENERATE_INFOPLIST_FILE = YES;
				INFOPLIST_KEY_UIApplicationSceneManifest_Generation = YES;
				INFOPLIST_KEY_UIApplicationSupportsIndirectInputEvents = YES;
				INFOPLIST_KEY_UILaunchScreen_Generation = YES;
				INFOPLIST_KEY_UISupportedInterfaceOrientations = UIInterfaceOrientationPortrait;
				INFOPLIST_KEY_UISupportedInterfaceOrientations_iPad = "UIInterfaceOrientationPortrait UIInterfaceOrientationPortraitUpsideDown UIInterfaceOrientationLandscapeLeft UIInterfaceOrientationLandscapeRight";
				INFOPLIST_KEY_UISupportedInterfaceOrientations_iPhone = "UIInterfaceOrientationPortrait UIInterfaceOrientationLandscapeLeft UIInterfaceOrientationLandscapeRight";
				IPHONEOS_DEPLOYMENT_TARGET = 15.5;
				LD_RUNPATH_SEARCH_PATHS = (
					"$(inherited)",
					"@executable_path/Frameworks",
				);
				MARKETING_VERSION = 1.0;
				PRODUCT_BUNDLE_IDENTIFIER = tyson10.SwiftUIExample;
				PRODUCT_NAME = SwiftUIExample;
				SDKROOT = iphoneos;
				SWIFT_EMIT_LOC_STRINGS = YES;
				SWIFT_VERSION = 5.0;
				TARGETED_DEVICE_FAMILY = 1;
				VALIDATE_PRODUCT = YES;
			};
			name = Release;
		};
		53ABDCFF288E680E007F642B /* Debug */ = {
			isa = XCBuildConfiguration;
			buildSettings = {
				ASSETCATALOG_COMPILER_APPICON_NAME = AppIcon;
				ASSETCATALOG_COMPILER_GLOBAL_ACCENT_COLOR_NAME = AccentColor;
				CODE_SIGN_ENTITLEMENTS = macOS/macOS.entitlements;
				CODE_SIGN_STYLE = Automatic;
				COMBINE_HIDPI_IMAGES = YES;
				CURRENT_PROJECT_VERSION = 1;
				DEVELOPMENT_TEAM = 2PHT58Q34B;
				ENABLE_HARDENED_RUNTIME = YES;
				ENABLE_PREVIEWS = YES;
				GENERATE_INFOPLIST_FILE = YES;
				INFOPLIST_KEY_NSHumanReadableCopyright = "";
				LD_RUNPATH_SEARCH_PATHS = (
					"$(inherited)",
					"@executable_path/../Frameworks",
				);
				MACOSX_DEPLOYMENT_TARGET = 12.3;
				MARKETING_VERSION = 1.0;
				PRODUCT_BUNDLE_IDENTIFIER = tyson10.SwiftUIExample;
				PRODUCT_NAME = SwiftUIExample;
				SDKROOT = macosx;
				SWIFT_EMIT_LOC_STRINGS = YES;
				SWIFT_VERSION = 5.0;
			};
			name = Debug;
		};
		53ABDD00288E680E007F642B /* Release */ = {
			isa = XCBuildConfiguration;
			buildSettings = {
				ASSETCATALOG_COMPILER_APPICON_NAME = AppIcon;
				ASSETCATALOG_COMPILER_GLOBAL_ACCENT_COLOR_NAME = AccentColor;
				CODE_SIGN_ENTITLEMENTS = macOS/macOS.entitlements;
				CODE_SIGN_STYLE = Automatic;
				COMBINE_HIDPI_IMAGES = YES;
				CURRENT_PROJECT_VERSION = 1;
				DEVELOPMENT_TEAM = 2PHT58Q34B;
				ENABLE_HARDENED_RUNTIME = YES;
				ENABLE_PREVIEWS = YES;
				GENERATE_INFOPLIST_FILE = YES;
				INFOPLIST_KEY_NSHumanReadableCopyright = "";
				LD_RUNPATH_SEARCH_PATHS = (
					"$(inherited)",
					"@executable_path/../Frameworks",
				);
				MACOSX_DEPLOYMENT_TARGET = 12.3;
				MARKETING_VERSION = 1.0;
				PRODUCT_BUNDLE_IDENTIFIER = tyson10.SwiftUIExample;
				PRODUCT_NAME = SwiftUIExample;
				SDKROOT = macosx;
				SWIFT_EMIT_LOC_STRINGS = YES;
				SWIFT_VERSION = 5.0;
			};
			name = Release;
		};
		53ABDD02288E680E007F642B /* Debug */ = {
			isa = XCBuildConfiguration;
			buildSettings = {
				ALWAYS_EMBED_SWIFT_STANDARD_LIBRARIES = YES;
				CODE_SIGN_STYLE = Automatic;
				CURRENT_PROJECT_VERSION = 1;
				DEVELOPMENT_TEAM = 2PHT58Q34B;
				GENERATE_INFOPLIST_FILE = YES;
				IPHONEOS_DEPLOYMENT_TARGET = 15.5;
				MARKETING_VERSION = 1.0;
				PRODUCT_BUNDLE_IDENTIFIER = "tyson10.Tests-iOS";
				PRODUCT_NAME = "$(TARGET_NAME)";
				SDKROOT = iphoneos;
				SWIFT_EMIT_LOC_STRINGS = NO;
				SWIFT_VERSION = 5.0;
				TARGETED_DEVICE_FAMILY = "1,2";
				TEST_TARGET_NAME = "SwiftUIExample (iOS)";
			};
			name = Debug;
		};
		53ABDD03288E680E007F642B /* Release */ = {
			isa = XCBuildConfiguration;
			buildSettings = {
				ALWAYS_EMBED_SWIFT_STANDARD_LIBRARIES = YES;
				CODE_SIGN_STYLE = Automatic;
				CURRENT_PROJECT_VERSION = 1;
				DEVELOPMENT_TEAM = 2PHT58Q34B;
				GENERATE_INFOPLIST_FILE = YES;
				IPHONEOS_DEPLOYMENT_TARGET = 15.5;
				MARKETING_VERSION = 1.0;
				PRODUCT_BUNDLE_IDENTIFIER = "tyson10.Tests-iOS";
				PRODUCT_NAME = "$(TARGET_NAME)";
				SDKROOT = iphoneos;
				SWIFT_EMIT_LOC_STRINGS = NO;
				SWIFT_VERSION = 5.0;
				TARGETED_DEVICE_FAMILY = "1,2";
				TEST_TARGET_NAME = "SwiftUIExample (iOS)";
				VALIDATE_PRODUCT = YES;
			};
			name = Release;
		};
		53ABDD05288E680E007F642B /* Debug */ = {
			isa = XCBuildConfiguration;
			buildSettings = {
				ALWAYS_EMBED_SWIFT_STANDARD_LIBRARIES = YES;
				CODE_SIGN_STYLE = Automatic;
				CURRENT_PROJECT_VERSION = 1;
				DEVELOPMENT_TEAM = 2PHT58Q34B;
				GENERATE_INFOPLIST_FILE = YES;
				MACOSX_DEPLOYMENT_TARGET = 12.3;
				MARKETING_VERSION = 1.0;
				PRODUCT_BUNDLE_IDENTIFIER = "tyson10.Tests-macOS";
				PRODUCT_NAME = "$(TARGET_NAME)";
				SDKROOT = macosx;
				SWIFT_EMIT_LOC_STRINGS = NO;
				SWIFT_VERSION = 5.0;
				TEST_TARGET_NAME = "SwiftUIExample (macOS)";
			};
			name = Debug;
		};
		53ABDD06288E680E007F642B /* Release */ = {
			isa = XCBuildConfiguration;
			buildSettings = {
				ALWAYS_EMBED_SWIFT_STANDARD_LIBRARIES = YES;
				CODE_SIGN_STYLE = Automatic;
				CURRENT_PROJECT_VERSION = 1;
				DEVELOPMENT_TEAM = 2PHT58Q34B;
				GENERATE_INFOPLIST_FILE = YES;
				MACOSX_DEPLOYMENT_TARGET = 12.3;
				MARKETING_VERSION = 1.0;
				PRODUCT_BUNDLE_IDENTIFIER = "tyson10.Tests-macOS";
				PRODUCT_NAME = "$(TARGET_NAME)";
				SDKROOT = macosx;
				SWIFT_EMIT_LOC_STRINGS = NO;
				SWIFT_VERSION = 5.0;
				TEST_TARGET_NAME = "SwiftUIExample (macOS)";
			};
			name = Release;
		};
/* End XCBuildConfiguration section */

/* Begin XCConfigurationList section */
		53ABDCC9288E680A007F642B /* Build configuration list for PBXProject "SwiftUIExample" */ = {
			isa = XCConfigurationList;
			buildConfigurations = (
				53ABDCF9288E680E007F642B /* Debug */,
				53ABDCFA288E680E007F642B /* Release */,
			);
			defaultConfigurationIsVisible = 0;
			defaultConfigurationName = Release;
		};
		53ABDCFB288E680E007F642B /* Build configuration list for PBXNativeTarget "SwiftUIExample (iOS)" */ = {
			isa = XCConfigurationList;
			buildConfigurations = (
				53ABDCFC288E680E007F642B /* Debug */,
				53ABDCFD288E680E007F642B /* Release */,
			);
			defaultConfigurationIsVisible = 0;
			defaultConfigurationName = Release;
		};
		53ABDCFE288E680E007F642B /* Build configuration list for PBXNativeTarget "SwiftUIExample (macOS)" */ = {
			isa = XCConfigurationList;
			buildConfigurations = (
				53ABDCFF288E680E007F642B /* Debug */,
				53ABDD00288E680E007F642B /* Release */,
			);
			defaultConfigurationIsVisible = 0;
			defaultConfigurationName = Release;
		};
		53ABDD01288E680E007F642B /* Build configuration list for PBXNativeTarget "Tests iOS" */ = {
			isa = XCConfigurationList;
			buildConfigurations = (
				53ABDD02288E680E007F642B /* Debug */,
				53ABDD03288E680E007F642B /* Release */,
			);
			defaultConfigurationIsVisible = 0;
			defaultConfigurationName = Release;
		};
		53ABDD04288E680E007F642B /* Build configuration list for PBXNativeTarget "Tests macOS" */ = {
			isa = XCConfigurationList;
			buildConfigurations = (
				53ABDD05288E680E007F642B /* Debug */,
				53ABDD06288E680E007F642B /* Release */,
			);
			defaultConfigurationIsVisible = 0;
			defaultConfigurationName = Release;
		};
/* End XCConfigurationList section */
	};
	rootObject = 53ABDCC6288E680A007F642B /* Project object */;
}
